// !$*UTF8*$!
{
	archiveVersion = 1;
	classes = {
	};
	objectVersion = 56;
	objects = {

/* Begin PBXBuildFile section */
		B46DF6EA2B91B47400562129 /* DogWallpaperApp.swift in Sources */ = {isa = PBXBuildFile; fileRef = B46DF6E92B91B47400562129 /* DogWallpaperApp.swift */; };
		B46DF6EC2B91B47400562129 /* ContentView.swift in Sources */ = {isa = PBXBuildFile; fileRef = B46DF6EB2B91B47400562129 /* ContentView.swift */; };
		B46DF6EE2B91B47500562129 /* Assets.xcassets in Resources */ = {isa = PBXBuildFile; fileRef = B46DF6ED2B91B47500562129 /* Assets.xcassets */; };
		B46DF6F12B91B47500562129 /* Preview Assets.xcassets in Resources */ = {isa = PBXBuildFile; fileRef = B46DF6F02B91B47500562129 /* Preview Assets.xcassets */; };
		B46DF6FB2B91B47500562129 /* DogWallpaperTests.swift in Sources */ = {isa = PBXBuildFile; fileRef = B46DF6FA2B91B47500562129 /* DogWallpaperTests.swift */; };
		B46DF7052B91B47500562129 /* DogWallpaperUITests.swift in Sources */ = {isa = PBXBuildFile; fileRef = B46DF7042B91B47500562129 /* DogWallpaperUITests.swift */; };
		B46DF7072B91B47500562129 /* DogWallpaperUITestsLaunchTests.swift in Sources */ = {isa = PBXBuildFile; fileRef = B46DF7062B91B47500562129 /* DogWallpaperUITestsLaunchTests.swift */; };
/* End PBXBuildFile section */

/* Begin PBXContainerItemProxy section */
		B46DF6F72B91B47500562129 /* PBXContainerItemProxy */ = {
			isa = PBXContainerItemProxy;
			containerPortal = B46DF6DE2B91B47400562129 /* Project object */;
			proxyType = 1;
			remoteGlobalIDString = B46DF6E52B91B47400562129;
			remoteInfo = DogWallpaper;
		};
		B46DF7012B91B47500562129 /* PBXContainerItemProxy */ = {
			isa = PBXContainerItemProxy;
			containerPortal = B46DF6DE2B91B47400562129 /* Project object */;
			proxyType = 1;
			remoteGlobalIDString = B46DF6E52B91B47400562129;
			remoteInfo = DogWallpaper;
		};
/* End PBXContainerItemProxy section */

/* Begin PBXFileReference section */
		B46DF6E62B91B47400562129 /* DogWallpaper.app */ = {isa = PBXFileReference; explicitFileType = wrapper.application; includeInIndex = 0; path = DogWallpaper.app; sourceTree = BUILT_PRODUCTS_DIR; };
		B46DF6E92B91B47400562129 /* DogWallpaperApp.swift */ = {isa = PBXFileReference; lastKnownFileType = sourcecode.swift; path = DogWallpaperApp.swift; sourceTree = "<group>"; };
		B46DF6EB2B91B47400562129 /* ContentView.swift */ = {isa = PBXFileReference; lastKnownFileType = sourcecode.swift; path = ContentView.swift; sourceTree = "<group>"; };
		B46DF6ED2B91B47500562129 /* Assets.xcassets */ = {isa = PBXFileReference; lastKnownFileType = folder.assetcatalog; path = Assets.xcassets; sourceTree = "<group>"; };
		B46DF6F02B91B47500562129 /* Preview Assets.xcassets */ = {isa = PBXFileReference; lastKnownFileType = folder.assetcatalog; path = "Preview Assets.xcassets"; sourceTree = "<group>"; };
		B46DF6F62B91B47500562129 /* DogWallpaperTests.xctest */ = {isa = PBXFileReference; explicitFileType = wrapper.cfbundle; includeInIndex = 0; path = DogWallpaperTests.xctest; sourceTree = BUILT_PRODUCTS_DIR; };
		B46DF6FA2B91B47500562129 /* DogWallpaperTests.swift */ = {isa = PBXFileReference; lastKnownFileType = sourcecode.swift; path = DogWallpaperTests.swift; sourceTree = "<group>"; };
		B46DF7002B91B47500562129 /* DogWallpaperUITests.xctest */ = {isa = PBXFileReference; explicitFileType = wrapper.cfbundle; includeInIndex = 0; path = DogWallpaperUITests.xctest; sourceTree = BUILT_PRODUCTS_DIR; };
		B46DF7042B91B47500562129 /* DogWallpaperUITests.swift */ = {isa = PBXFileReference; lastKnownFileType = sourcecode.swift; path = DogWallpaperUITests.swift; sourceTree = "<group>"; };
		B46DF7062B91B47500562129 /* DogWallpaperUITestsLaunchTests.swift */ = {isa = PBXFileReference; lastKnownFileType = sourcecode.swift; path = DogWallpaperUITestsLaunchTests.swift; sourceTree = "<group>"; };
/* End PBXFileReference section */

/* Begin PBXFrameworksBuildPhase section */
		B46DF6E32B91B47400562129 /* Frameworks */ = {
			isa = PBXFrameworksBuildPhase;
			buildActionMask = 2147483647;
			files = (
			);
			runOnlyForDeploymentPostprocessing = 0;
		};
		B46DF6F32B91B47500562129 /* Frameworks */ = {
			isa = PBXFrameworksBuildPhase;
			buildActionMask = 2147483647;
			files = (
			);
			runOnlyForDeploymentPostprocessing = 0;
		};
		B46DF6FD2B91B47500562129 /* Frameworks */ = {
			isa = PBXFrameworksBuildPhase;
			buildActionMask = 2147483647;
			files = (
			);
			runOnlyForDeploymentPostprocessing = 0;
		};
/* End PBXFrameworksBuildPhase section */

/* Begin PBXGroup section */
		B46DF6DD2B91B47400562129 = {
			isa = PBXGroup;
			children = (
				B46DF6E82B91B47400562129 /* DogWallpaper */,
				B46DF6F92B91B47500562129 /* DogWallpaperTests */,
				B46DF7032B91B47500562129 /* DogWallpaperUITests */,
				B46DF6E72B91B47400562129 /* Products */,
			);
			sourceTree = "<group>";
		};
		B46DF6E72B91B47400562129 /* Products */ = {
			isa = PBXGroup;
			children = (
				B46DF6E62B91B47400562129 /* DogWallpaper.app */,
				B46DF6F62B91B47500562129 /* DogWallpaperTests.xctest */,
				B46DF7002B91B47500562129 /* DogWallpaperUITests.xctest */,
			);
			name = Products;
			sourceTree = "<group>";
		};
		B46DF6E82B91B47400562129 /* DogWallpaper */ = {
			isa = PBXGroup;
			children = (
				B46DF6E92B91B47400562129 /* DogWallpaperApp.swift */,
				B46DF6EB2B91B47400562129 /* ContentView.swift */,
				B46DF6ED2B91B47500562129 /* Assets.xcassets */,
				B46DF6EF2B91B47500562129 /* Preview Content */,
			);
			path = DogWallpaper;
			sourceTree = "<group>";
		};
		B46DF6EF2B91B47500562129 /* Preview Content */ = {
			isa = PBXGroup;
			children = (
				B46DF6F02B91B47500562129 /* Preview Assets.xcassets */,
			);
			path = "Preview Content";
			sourceTree = "<group>";
		};
		B46DF6F92B91B47500562129 /* DogWallpaperTests */ = {
			isa = PBXGroup;
			children = (
				B46DF6FA2B91B47500562129 /* DogWallpaperTests.swift */,
			);
			path = DogWallpaperTests;
			sourceTree = "<group>";
		};
		B46DF7032B91B47500562129 /* DogWallpaperUITests */ = {
			isa = PBXGroup;
			children = (
				B46DF7042B91B47500562129 /* DogWallpaperUITests.swift */,
				B46DF7062B91B47500562129 /* DogWallpaperUITestsLaunchTests.swift */,
			);
			path = DogWallpaperUITests;
			sourceTree = "<group>";
		};
/* End PBXGroup section */

/* Begin PBXNativeTarget section */
		B46DF6E52B91B47400562129 /* DogWallpaper */ = {
			isa = PBXNativeTarget;
			buildConfigurationList = B46DF70A2B91B47500562129 /* Build configuration list for PBXNativeTarget "DogWallpaper" */;
			buildPhases = (
				B46DF6E22B91B47400562129 /* Sources */,
				B46DF6E32B91B47400562129 /* Frameworks */,
				B46DF6E42B91B47400562129 /* Resources */,
			);
			buildRules = (
			);
			dependencies = (
			);
			name = DogWallpaper;
			productName = DogWallpaper;
			productReference = B46DF6E62B91B47400562129 /* DogWallpaper.app */;
			productType = "com.apple.product-type.application";
		};
		B46DF6F52B91B47500562129 /* DogWallpaperTests */ = {
			isa = PBXNativeTarget;
			buildConfigurationList = B46DF70D2B91B47500562129 /* Build configuration list for PBXNativeTarget "DogWallpaperTests" */;
			buildPhases = (
				B46DF6F22B91B47500562129 /* Sources */,
				B46DF6F32B91B47500562129 /* Frameworks */,
				B46DF6F42B91B47500562129 /* Resources */,
			);
			buildRules = (
			);
			dependencies = (
				B46DF6F82B91B47500562129 /* PBXTargetDependency */,
			);
			name = DogWallpaperTests;
			productName = DogWallpaperTests;
			productReference = B46DF6F62B91B47500562129 /* DogWallpaperTests.xctest */;
			productType = "com.apple.product-type.bundle.unit-test";
		};
		B46DF6FF2B91B47500562129 /* DogWallpaperUITests */ = {
			isa = PBXNativeTarget;
			buildConfigurationList = B46DF7102B91B47500562129 /* Build configuration list for PBXNativeTarget "DogWallpaperUITests" */;
			buildPhases = (
				B46DF6FC2B91B47500562129 /* Sources */,
				B46DF6FD2B91B47500562129 /* Frameworks */,
				B46DF6FE2B91B47500562129 /* Resources */,
			);
			buildRules = (
			);
			dependencies = (
				B46DF7022B91B47500562129 /* PBXTargetDependency */,
			);
			name = DogWallpaperUITests;
			productName = DogWallpaperUITests;
			productReference = B46DF7002B91B47500562129 /* DogWallpaperUITests.xctest */;
			productType = "com.apple.product-type.bundle.ui-testing";
		};
/* End PBXNativeTarget section */

/* Begin PBXProject section */
		B46DF6DE2B91B47400562129 /* Project object */ = {
			isa = PBXProject;
			attributes = {
				BuildIndependentTargetsInParallel = 1;
				LastSwiftUpdateCheck = 1500;
				LastUpgradeCheck = 1500;
				TargetAttributes = {
					B46DF6E52B91B47400562129 = {
						CreatedOnToolsVersion = 15.0.1;
					};
					B46DF6F52B91B47500562129 = {
						CreatedOnToolsVersion = 15.0.1;
						TestTargetID = B46DF6E52B91B47400562129;
					};
					B46DF6FF2B91B47500562129 = {
						CreatedOnToolsVersion = 15.0.1;
						TestTargetID = B46DF6E52B91B47400562129;
					};
				};
			};
			buildConfigurationList = B46DF6E12B91B47400562129 /* Build configuration list for PBXProject "DogWallpaper" */;
			compatibilityVersion = "Xcode 14.0";
			developmentRegion = en;
			hasScannedForEncodings = 0;
			knownRegions = (
				en,
				Base,
			);
			mainGroup = B46DF6DD2B91B47400562129;
			productRefGroup = B46DF6E72B91B47400562129 /* Products */;
			projectDirPath = "";
			projectRoot = "";
			targets = (
				B46DF6E52B91B47400562129 /* DogWallpaper */,
				B46DF6F52B91B47500562129 /* DogWallpaperTests */,
				B46DF6FF2B91B47500562129 /* DogWallpaperUITests */,
			);
		};
/* End PBXProject section */

/* Begin PBXResourcesBuildPhase section */
		B46DF6E42B91B47400562129 /* Resources */ = {
			isa = PBXResourcesBuildPhase;
			buildActionMask = 2147483647;
			files = (
				B46DF6F12B91B47500562129 /* Preview Assets.xcassets in Resources */,
				B46DF6EE2B91B47500562129 /* Assets.xcassets in Resources */,
			);
			runOnlyForDeploymentPostprocessing = 0;
		};
		B46DF6F42B91B47500562129 /* Resources */ = {
			isa = PBXResourcesBuildPhase;
			buildActionMask = 2147483647;
			files = (
			);
			runOnlyForDeploymentPostprocessing = 0;
		};
		B46DF6FE2B91B47500562129 /* Resources */ = {
			isa = PBXResourcesBuildPhase;
			buildActionMask = 2147483647;
			files = (
			);
			runOnlyForDeploymentPostprocessing = 0;
		};
/* End PBXResourcesBuildPhase section */

/* Begin PBXSourcesBuildPhase section */
		B46DF6E22B91B47400562129 /* Sources */ = {
			isa = PBXSourcesBuildPhase;
			buildActionMask = 2147483647;
			files = (
				B46DF6EC2B91B47400562129 /* ContentView.swift in Sources */,
				B46DF6EA2B91B47400562129 /* DogWallpaperApp.swift in Sources */,
			);
			runOnlyForDeploymentPostprocessing = 0;
		};
		B46DF6F22B91B47500562129 /* Sources */ = {
			isa = PBXSourcesBuildPhase;
			buildActionMask = 2147483647;
			files = (
				B46DF6FB2B91B47500562129 /* DogWallpaperTests.swift in Sources */,
			);
			runOnlyForDeploymentPostprocessing = 0;
		};
		B46DF6FC2B91B47500562129 /* Sources */ = {
			isa = PBXSourcesBuildPhase;
			buildActionMask = 2147483647;
			files = (
				B46DF7072B91B47500562129 /* DogWallpaperUITestsLaunchTests.swift in Sources */,
				B46DF7052B91B47500562129 /* DogWallpaperUITests.swift in Sources */,
			);
			runOnlyForDeploymentPostprocessing = 0;
		};
/* End PBXSourcesBuildPhase section */

/* Begin PBXTargetDependency section */
		B46DF6F82B91B47500562129 /* PBXTargetDependency */ = {
			isa = PBXTargetDependency;
			target = B46DF6E52B91B47400562129 /* DogWallpaper */;
			targetProxy = B46DF6F72B91B47500562129 /* PBXContainerItemProxy */;
		};
		B46DF7022B91B47500562129 /* PBXTargetDependency */ = {
			isa = PBXTargetDependency;
			target = B46DF6E52B91B47400562129 /* DogWallpaper */;
			targetProxy = B46DF7012B91B47500562129 /* PBXContainerItemProxy */;
		};
/* End PBXTargetDependency section */

/* Begin XCBuildConfiguration section */
		B46DF7082B91B47500562129 /* Debug */ = {
			isa = XCBuildConfiguration;
			buildSettings = {
				ALWAYS_SEARCH_USER_PATHS = NO;
				ASSETCATALOG_COMPILER_GENERATE_SWIFT_ASSET_SYMBOL_EXTENSIONS = YES;
				CLANG_ANALYZER_NONNULL = YES;
				CLANG_ANALYZER_NUMBER_OBJECT_CONVERSION = YES_AGGRESSIVE;
				CLANG_CXX_LANGUAGE_STANDARD = "gnu++20";
				CLANG_ENABLE_MODULES = YES;
				CLANG_ENABLE_OBJC_ARC = YES;
				CLANG_ENABLE_OBJC_WEAK = YES;
				CLANG_WARN_BLOCK_CAPTURE_AUTORELEASING = YES;
				CLANG_WARN_BOOL_CONVERSION = YES;
				CLANG_WARN_COMMA = YES;
				CLANG_WARN_CONSTANT_CONVERSION = YES;
				CLANG_WARN_DEPRECATED_OBJC_IMPLEMENTATIONS = YES;
				CLANG_WARN_DIRECT_OBJC_ISA_USAGE = YES_ERROR;
				CLANG_WARN_DOCUMENTATION_COMMENTS = YES;
				CLANG_WARN_EMPTY_BODY = YES;
				CLANG_WARN_ENUM_CONVERSION = YES;
				CLANG_WARN_INFINITE_RECURSION = YES;
				CLANG_WARN_INT_CONVERSION = YES;
				CLANG_WARN_NON_LITERAL_NULL_CONVERSION = YES;
				CLANG_WARN_OBJC_IMPLICIT_RETAIN_SELF = YES;
				CLANG_WARN_OBJC_LITERAL_CONVERSION = YES;
				CLANG_WARN_OBJC_ROOT_CLASS = YES_ERROR;
				CLANG_WARN_QUOTED_INCLUDE_IN_FRAMEWORK_HEADER = YES;
				CLANG_WARN_RANGE_LOOP_ANALYSIS = YES;
				CLANG_WARN_STRICT_PROTOTYPES = YES;
				CLANG_WARN_SUSPICIOUS_MOVE = YES;
				CLANG_WARN_UNGUARDED_AVAILABILITY = YES_AGGRESSIVE;
				CLANG_WARN_UNREACHABLE_CODE = YES;
				CLANG_WARN__DUPLICATE_METHOD_MATCH = YES;
				COPY_PHASE_STRIP = NO;
				DEBUG_INFORMATION_FORMAT = dwarf;
				ENABLE_STRICT_OBJC_MSGSEND = YES;
				ENABLE_TESTABILITY = YES;
				ENABLE_USER_SCRIPT_SANDBOXING = YES;
				GCC_C_LANGUAGE_STANDARD = gnu17;
				GCC_DYNAMIC_NO_PIC = NO;
				GCC_NO_COMMON_BLOCKS = YES;
				GCC_OPTIMIZATION_LEVEL = 0;
				GCC_PREPROCESSOR_DEFINITIONS = (
					"DEBUG=1",
					"$(inherited)",
				);
				GCC_WARN_64_TO_32_BIT_CONVERSION = YES;
				GCC_WARN_ABOUT_RETURN_TYPE = YES_ERROR;
				GCC_WARN_UNDECLARED_SELECTOR = YES;
				GCC_WARN_UNINITIALIZED_AUTOS = YES_AGGRESSIVE;
				GCC_WARN_UNUSED_FUNCTION = YES;
				GCC_WARN_UNUSED_VARIABLE = YES;
				IPHONEOS_DEPLOYMENT_TARGET = 17.0;
				LOCALIZATION_PREFERS_STRING_CATALOGS = YES;
				MTL_ENABLE_DEBUG_INFO = INCLUDE_SOURCE;
				MTL_FAST_MATH = YES;
				ONLY_ACTIVE_ARCH = YES;
				SDKROOT = iphoneos;
				SWIFT_ACTIVE_COMPILATION_CONDITIONS = "DEBUG $(inherited)";
				SWIFT_OPTIMIZATION_LEVEL = "-Onone";
			};
			name = Debug;
		};
		B46DF7092B91B47500562129 /* Release */ = {
			isa = XCBuildConfiguration;
			buildSettings = {
				ALWAYS_SEARCH_USER_PATHS = NO;
				ASSETCATALOG_COMPILER_GENERATE_SWIFT_ASSET_SYMBOL_EXTENSIONS = YES;
				CLANG_ANALYZER_NONNULL = YES;
				CLANG_ANALYZER_NUMBER_OBJECT_CONVERSION = YES_AGGRESSIVE;
				CLANG_CXX_LANGUAGE_STANDARD = "gnu++20";
				CLANG_ENABLE_MODULES = YES;
				CLANG_ENABLE_OBJC_ARC = YES;
				CLANG_ENABLE_OBJC_WEAK = YES;
				CLANG_WARN_BLOCK_CAPTURE_AUTORELEASING = YES;
				CLANG_WARN_BOOL_CONVERSION = YES;
				CLANG_WARN_COMMA = YES;
				CLANG_WARN_CONSTANT_CONVERSION = YES;
				CLANG_WARN_DEPRECATED_OBJC_IMPLEMENTATIONS = YES;
				CLANG_WARN_DIRECT_OBJC_ISA_USAGE = YES_ERROR;
				CLANG_WARN_DOCUMENTATION_COMMENTS = YES;
				CLANG_WARN_EMPTY_BODY = YES;
				CLANG_WARN_ENUM_CONVERSION = YES;
				CLANG_WARN_INFINITE_RECURSION = YES;
				CLANG_WARN_INT_CONVERSION = YES;
				CLANG_WARN_NON_LITERAL_NULL_CONVERSION = YES;
				CLANG_WARN_OBJC_IMPLICIT_RETAIN_SELF = YES;
				CLANG_WARN_OBJC_LITERAL_CONVERSION = YES;
				CLANG_WARN_OBJC_ROOT_CLASS = YES_ERROR;
				CLANG_WARN_QUOTED_INCLUDE_IN_FRAMEWORK_HEADER = YES;
				CLANG_WARN_RANGE_LOOP_ANALYSIS = YES;
				CLANG_WARN_STRICT_PROTOTYPES = YES;
				CLANG_WARN_SUSPICIOUS_MOVE = YES;
				CLANG_WARN_UNGUARDED_AVAILABILITY = YES_AGGRESSIVE;
				CLANG_WARN_UNREACHABLE_CODE = YES;
				CLANG_WARN__DUPLICATE_METHOD_MATCH = YES;
				COPY_PHASE_STRIP = NO;
				DEBUG_INFORMATION_FORMAT = "dwarf-with-dsym";
				ENABLE_NS_ASSERTIONS = NO;
				ENABLE_STRICT_OBJC_MSGSEND = YES;
				ENABLE_USER_SCRIPT_SANDBOXING = YES;
				GCC_C_LANGUAGE_STANDARD = gnu17;
				GCC_NO_COMMON_BLOCKS = YES;
				GCC_WARN_64_TO_32_BIT_CONVERSION = YES;
				GCC_WARN_ABOUT_RETURN_TYPE = YES_ERROR;
				GCC_WARN_UNDECLARED_SELECTOR = YES;
				GCC_WARN_UNINITIALIZED_AUTOS = YES_AGGRESSIVE;
				GCC_WARN_UNUSED_FUNCTION = YES;
				GCC_WARN_UNUSED_VARIABLE = YES;
				IPHONEOS_DEPLOYMENT_TARGET = 17.0;
				LOCALIZATION_PREFERS_STRING_CATALOGS = YES;
				MTL_ENABLE_DEBUG_INFO = NO;
				MTL_FAST_MATH = YES;
				SDKROOT = iphoneos;
				SWIFT_COMPILATION_MODE = wholemodule;
				VALIDATE_PRODUCT = YES;
			};
			name = Release;
		};
		B46DF70B2B91B47500562129 /* Debug */ = {
			isa = XCBuildConfiguration;
			buildSettings = {
				ASSETCATALOG_COMPILER_APPICON_NAME = AppIcon;
				ASSETCATALOG_COMPILER_GLOBAL_ACCENT_COLOR_NAME = AccentColor;
				CODE_SIGN_STYLE = Automatic;
				CURRENT_PROJECT_VERSION = 1;
				DEVELOPMENT_ASSET_PATHS = "\"DogWallpaper/Preview Content\"";
				ENABLE_PREVIEWS = YES;
				GENERATE_INFOPLIST_FILE = YES;
				INFOPLIST_KEY_UIApplicationSceneManifest_Generation = YES;
				INFOPLIST_KEY_UIApplicationSupportsIndirectInputEvents = YES;
				INFOPLIST_KEY_UILaunchScreen_Generation = YES;
				INFOPLIST_KEY_UISupportedInterfaceOrientations_iPad = "UIInterfaceOrientationPortrait UIInterfaceOrientationPortraitUpsideDown UIInterfaceOrientationLandscapeLeft UIInterfaceOrientationLandscapeRight";
				INFOPLIST_KEY_UISupportedInterfaceOrientations_iPhone = "UIInterfaceOrientationPortrait UIInterfaceOrientationLandscapeLeft UIInterfaceOrientationLandscapeRight";
				LD_RUNPATH_SEARCH_PATHS = (
					"$(inherited)",
					"@executable_path/Frameworks",
				);
				MARKETING_VERSION = 1.0;
				PRODUCT_BUNDLE_IDENTIFIER = com.azim.DogWallpaper;
				PRODUCT_NAME = "$(TARGET_NAME)";
				SWIFT_EMIT_LOC_STRINGS = YES;
				SWIFT_VERSION = 5.0;
				TARGETED_DEVICE_FAMILY = "1,2";
			};
			name = Debug;
		};
		B46DF70C2B91B47500562129 /* Release */ = {
			isa = XCBuildConfiguration;
			buildSettings = {
				ASSETCATALOG_COMPILER_APPICON_NAME = AppIcon;
				ASSETCATALOG_COMPILER_GLOBAL_ACCENT_COLOR_NAME = AccentColor;
				CODE_SIGN_STYLE = Automatic;
				CURRENT_PROJECT_VERSION = 1;
				DEVELOPMENT_ASSET_PATHS = "\"DogWallpaper/Preview Content\"";
				ENABLE_PREVIEWS = YES;
				GENERATE_INFOPLIST_FILE = YES;
				INFOPLIST_KEY_UIApplicationSceneManifest_Generation = YES;
				INFOPLIST_KEY_UIApplicationSupportsIndirectInputEvents = YES;
				INFOPLIST_KEY_UILaunchScreen_Generation = YES;
				INFOPLIST_KEY_UISupportedInterfaceOrientations_iPad = "UIInterfaceOrientationPortrait UIInterfaceOrientationPortraitUpsideDown UIInterfaceOrientationLandscapeLeft UIInterfaceOrientationLandscapeRight";
				INFOPLIST_KEY_UISupportedInterfaceOrientations_iPhone = "UIInterfaceOrientationPortrait UIInterfaceOrientationLandscapeLeft UIInterfaceOrientationLandscapeRight";
				LD_RUNPATH_SEARCH_PATHS = (
					"$(inherited)",
					"@executable_path/Frameworks",
				);
				MARKETING_VERSION = 1.0;
				PRODUCT_BUNDLE_IDENTIFIER = com.azim.DogWallpaper;
				PRODUCT_NAME = "$(TARGET_NAME)";
				SWIFT_EMIT_LOC_STRINGS = YES;
				SWIFT_VERSION = 5.0;
				TARGETED_DEVICE_FAMILY = "1,2";
			};
			name = Release;
		};
		B46DF70E2B91B47500562129 /* Debug */ = {
			isa = XCBuildConfiguration;
			buildSettings = {
				ALWAYS_EMBED_SWIFT_STANDARD_LIBRARIES = YES;
				BUNDLE_LOADER = "$(TEST_HOST)";
				CODE_SIGN_STYLE = Automatic;
				CURRENT_PROJECT_VERSION = 1;
				GENERATE_INFOPLIST_FILE = YES;
				IPHONEOS_DEPLOYMENT_TARGET = 17.0;
				MARKETING_VERSION = 1.0;
				PRODUCT_BUNDLE_IDENTIFIER = com.azim.DogWallpaperTests;
				PRODUCT_NAME = "$(TARGET_NAME)";
				SWIFT_EMIT_LOC_STRINGS = NO;
				SWIFT_VERSION = 5.0;
				TARGETED_DEVICE_FAMILY = "1,2";
				TEST_HOST = "$(BUILT_PRODUCTS_DIR)/DogWallpaper.app/$(BUNDLE_EXECUTABLE_FOLDER_PATH)/DogWallpaper";
			};
			name = Debug;
		};
		B46DF70F2B91B47500562129 /* Release */ = {
			isa = XCBuildConfiguration;
			buildSettings = {
				ALWAYS_EMBED_SWIFT_STANDARD_LIBRARIES = YES;
				BUNDLE_LOADER = "$(TEST_HOST)";
				CODE_SIGN_STYLE = Automatic;
				CURRENT_PROJECT_VERSION = 1;
				GENERATE_INFOPLIST_FILE = YES;
				IPHONEOS_DEPLOYMENT_TARGET = 17.0;
				MARKETING_VERSION = 1.0;
				PRODUCT_BUNDLE_IDENTIFIER = com.azim.DogWallpaperTests;
				PRODUCT_NAME = "$(TARGET_NAME)";
				SWIFT_EMIT_LOC_STRINGS = NO;
				SWIFT_VERSION = 5.0;
				TARGETED_DEVICE_FAMILY = "1,2";
				TEST_HOST = "$(BUILT_PRODUCTS_DIR)/DogWallpaper.app/$(BUNDLE_EXECUTABLE_FOLDER_PATH)/DogWallpaper";
			};
			name = Release;
		};
		B46DF7112B91B47500562129 /* Debug */ = {
			isa = XCBuildConfiguration;
			buildSettings = {
				ALWAYS_EMBED_SWIFT_STANDARD_LIBRARIES = YES;
				CODE_SIGN_STYLE = Automatic;
				CURRENT_PROJECT_VERSION = 1;
				GENERATE_INFOPLIST_FILE = YES;
				MARKETING_VERSION = 1.0;
				PRODUCT_BUNDLE_IDENTIFIER = com.azim.DogWallpaperUITests;
				PRODUCT_NAME = "$(TARGET_NAME)";
				SWIFT_EMIT_LOC_STRINGS = NO;
				SWIFT_VERSION = 5.0;
				TARGETED_DEVICE_FAMILY = "1,2";
				TEST_TARGET_NAME = DogWallpaper;
			};
			name = Debug;
		};
		B46DF7122B91B47500562129 /* Release */ = {
			isa = XCBuildConfiguration;
			buildSettings = {
				ALWAYS_EMBED_SWIFT_STANDARD_LIBRARIES = YES;
				CODE_SIGN_STYLE = Automatic;
				CURRENT_PROJECT_VERSION = 1;
				GENERATE_INFOPLIST_FILE = YES;
				MARKETING_VERSION = 1.0;
				PRODUCT_BUNDLE_IDENTIFIER = com.azim.DogWallpaperUITests;
				PRODUCT_NAME = "$(TARGET_NAME)";
				SWIFT_EMIT_LOC_STRINGS = NO;
				SWIFT_VERSION = 5.0;
				TARGETED_DEVICE_FAMILY = "1,2";
				TEST_TARGET_NAME = DogWallpaper;
			};
			name = Release;
		};
/* End XCBuildConfiguration section */

/* Begin XCConfigurationList section */
		B46DF6E12B91B47400562129 /* Build configuration list for PBXProject "DogWallpaper" */ = {
			isa = XCConfigurationList;
			buildConfigurations = (
				B46DF7082B91B47500562129 /* Debug */,
				B46DF7092B91B47500562129 /* Release */,
			);
			defaultConfigurationIsVisible = 0;
			defaultConfigurationName = Release;
		};
		B46DF70A2B91B47500562129 /* Build configuration list for PBXNativeTarget "DogWallpaper" */ = {
			isa = XCConfigurationList;
			buildConfigurations = (
				B46DF70B2B91B47500562129 /* Debug */,
				B46DF70C2B91B47500562129 /* Release */,
			);
			defaultConfigurationIsVisible = 0;
			defaultConfigurationName = Release;
		};
		B46DF70D2B91B47500562129 /* Build configuration list for PBXNativeTarget "DogWallpaperTests" */ = {
			isa = XCConfigurationList;
			buildConfigurations = (
				B46DF70E2B91B47500562129 /* Debug */,
				B46DF70F2B91B47500562129 /* Release */,
			);
			defaultConfigurationIsVisible = 0;
			defaultConfigurationName = Release;
		};
		B46DF7102B91B47500562129 /* Build configuration list for PBXNativeTarget "DogWallpaperUITests" */ = {
			isa = XCConfigurationList;
			buildConfigurations = (
				B46DF7112B91B47500562129 /* Debug */,
				B46DF7122B91B47500562129 /* Release */,
			);
			defaultConfigurationIsVisible = 0;
			defaultConfigurationName = Release;
		};
/* End XCConfigurationList section */
	};
	rootObject = B46DF6DE2B91B47400562129 /* Project object */;
}
